<?xml version="1.0" encoding="utf-8"?>
<Project ToolsVersion="4.0" xmlns="http://schemas.microsoft.com/developer/msbuild/2003">
  <ItemGroup>
    <Filter Include="Generated Files">
      <UniqueIdentifier>{71ED8ED8-ACB9-4CE9-BBE1-E00B30144E11}</UniqueIdentifier>
      <Extensions>cpp;c;cxx;moc;h;def;odl;idl;res;</Extensions>
    </Filter>
    <Filter Include="Generated Files">
      <UniqueIdentifier>{71ED8ED8-ACB9-4CE9-BBE1-E00B30144E11}</UniqueIdentifier>
      <Extensions>cpp;c;cxx;moc;h;def;odl;idl;res;</Extensions>
    </Filter>
    <Filter Include="Header Files">
      <UniqueIdentifier>{93995380-89BD-4b04-88EB-625FBE52EBFB}</UniqueIdentifier>
      <Extensions>h;hpp;hxx;hm;inl;inc;xsd</Extensions>
    </Filter>
    <Filter Include="Header Files">
      <UniqueIdentifier>{93995380-89BD-4b04-88EB-625FBE52EBFB}</UniqueIdentifier>
      <Extensions>h;hpp;hxx;hm;inl;inc;xsd</Extensions>
    </Filter>
    <Filter Include="Resource Files">
      <UniqueIdentifier>{D9D6E242-F8AF-46E4-B9FD-80ECBC20BA3E}</UniqueIdentifier>
      <Extensions>qrc;*</Extensions>
      <ParseFiles>false</ParseFiles>
    </Filter>
    <Filter Include="Resource Files">
      <UniqueIdentifier>{D9D6E242-F8AF-46E4-B9FD-80ECBC20BA3E}</UniqueIdentifier>
      <Extensions>qrc;*</Extensions>
      <ParseFiles>false</ParseFiles>
    </Filter>
    <Filter Include="Source Files">
      <UniqueIdentifier>{4FC737F1-C7A5-4376-A066-2A32D752A2FF}</UniqueIdentifier>
      <Extensions>cpp;c;cxx;def;odl;idl;hpj;bat;asm;asmx</Extensions>
    </Filter>
    <Filter Include="Source Files">
      <UniqueIdentifier>{4FC737F1-C7A5-4376-A066-2A32D752A2FF}</UniqueIdentifier>
      <Extensions>cpp;c;cxx;def;odl;idl;hpj;bat;asm;asmx</Extensions>
    </Filter>
    <Filter Include="Generated Files\Debug">
      <UniqueIdentifier>{9194d43e-4231-4dda-bf48-484e55ed8ad2}</UniqueIdentifier>
      <Extensions>cpp;moc</Extensions>
      <SourceControlFiles>False</SourceControlFiles>
    </Filter>
    <Filter Include="Generated Files\Release">
      <UniqueIdentifier>{0961c348-fd90-496e-9cc6-1c18434336e0}</UniqueIdentifier>
      <Extensions>cpp;moc</Extensions>
      <SourceControlFiles>False</SourceControlFiles>
    </Filter>
  </ItemGroup>
  <ItemGroup>
    <ClCompile Include="utils\AbstractGeolocationSupport.cpp">
      <Filter>Source Files</Filter>
    </ClCompile>
    <ClCompile Include="utils\AbstractHttpSupport.cpp">
      <Filter>Source Files</Filter>
    </ClCompile>
    <ClCompile Include="utils\AbstractNotificationsSupport.cpp">
      <Filter>Source Files</Filter>
    </ClCompile>
    <ClCompile Include="utils\AbstractSoundSupport.cpp">
      <Filter>Source Files</Filter>
    </ClCompile>
    <ClCompile Include="core\ByteCodeRunner.cpp">
      <Filter>Source Files</Filter>
    </ClCompile>
    <ClCompile Include="core\ByteMemory.cpp">
      <Filter>Source Files</Filter>
    </ClCompile>
    <ClCompile Include="qt-backend\CgiSupport.cpp">
      <Filter>Source Files</Filter>
    </ClCompile>
    <ClCompile Include="core\CodeMemory.cpp">
      <Filter>Source Files</Filter>
    </ClCompile>
    <ClCompile Include="qt-backend\DatabaseSupport.cpp">
      <Filter>Source Files</Filter>
    </ClCompile>
    <ClCompile Include="utils\FileLocalStore.cpp">
      <Filter>Source Files</Filter>
    </ClCompile>
    <ClCompile Include="utils\FileSystemInterface.cpp">
      <Filter>Source Files</Filter>
    </ClCompile>
    <ClCompile Include="qt-gui\FlowClipScene.cpp">
      <Filter>Source Files</Filter>
    </ClCompile>
    <ClCompile Include="qt-gui\FlowClipTreeModel.cpp">
      <Filter>Source Files</Filter>
    </ClCompile>
    <ClCompile Include="gl-gui\GLCamera.cpp">
      <Filter>Source Files</Filter>
    </ClCompile>
    <ClCompile Include="gl-gui\GLClip.cpp">
      <Filter>Source Files</Filter>
    </ClCompile>
    <ClCompile Include="gl-gui\GLFilter.cpp">
      <Filter>Source Files</Filter>
    </ClCompile>
    <ClCompile Include="gl-gui\GLFont.cpp">
      <Filter>Source Files</Filter>
    </ClCompile>
    <ClCompile Include="gl-gui\GLGraphics.cpp">
      <Filter>Source Files</Filter>
    </ClCompile>
    <ClCompile Include="gl-gui\GLPictureClip.cpp">
      <Filter>Source Files</Filter>
    </ClCompile>
    <ClCompile Include="gl-gui\GLRenderSupport.cpp">
      <Filter>Source Files</Filter>
    </ClCompile>
    <ClCompile Include="gl-gui\GLRenderer.cpp">
      <Filter>Source Files</Filter>
    </ClCompile>
    <ClCompile Include="gl-gui\GLSchedule.cpp">
      <Filter>Source Files</Filter>
    </ClCompile>
    <ClCompile Include="gl-gui\GLTextClip.cpp">
      <Filter>Source Files</Filter>
    </ClCompile>
    <ClCompile Include="gl-gui\GLUtils.cpp">
      <Filter>Source Files</Filter>
    </ClCompile>
    <ClCompile Include="gl-gui\GLVideoClip.cpp">
      <Filter>Source Files</Filter>
    </ClCompile>
    <ClCompile Include="gl-gui\GLWebClip.cpp">
      <Filter>Source Files</Filter>
    </ClCompile>
    <ClCompile Include="core\GarbageCollector.cpp">
      <Filter>Source Files</Filter>
    </ClCompile>
    <ClCompile Include="core\HeapWalker.cpp">
      <Filter>Source Files</Filter>
    </ClCompile>
    <ClCompile Include="qt-backend\HttpSupport.cpp">
      <Filter>Source Files</Filter>
    </ClCompile>
    <ClCompile Include="gl-gui\ImageLoader.cpp">
      <Filter>Source Files</Filter>
    </ClCompile>
    <ClCompile Include="core\JitProgram.cpp">
      <Filter>Source Files</Filter>
    </ClCompile>
    <ClCompile Include="core\MemoryArea.cpp">
      <Filter>Source Files</Filter>
    </ClCompile>
    <ClCompile Include="core\Natives.cpp">
      <Filter>Source Files</Filter>
    </ClCompile>
    <ClCompile Include="qt-backend\NotificationsSupport.cpp">
      <Filter>Source Files</Filter>
    </ClCompile>
    <ClCompile Include="gl-gui\QGLClipTreeBrowser.cpp">
      <Filter>Source Files</Filter>
    </ClCompile>
    <ClCompile Include="gl-gui\QGLClipTreeModel.cpp">
      <Filter>Source Files</Filter>
    </ClCompile>
    <ClCompile Include="qt-backend\QGLLineEdit.cpp">
      <Filter>Source Files</Filter>
    </ClCompile>
    <ClCompile Include="gl-gui\QGLRenderSupport.cpp">
      <Filter>Source Files</Filter>
    </ClCompile>
    <ClCompile Include="qt-backend\QGLTextEdit.cpp">
      <Filter>Source Files</Filter>
    </ClCompile>
    <ClCompile Include="gl-gui\QGLWebPage.cpp">
      <Filter>Source Files</Filter>
    </ClCompile>
    <ClCompile Include="qt-gui\QGraphicsItemWrapper.cpp">
      <Filter>Source Files</Filter>
    </ClCompile>
    <ClCompile Include="qt-backend\QtGeolocationSupport.cpp">
      <Filter>Source Files</Filter>
    </ClCompile>
    <ClCompile Include="qt-backend\QtTimerSupport.cpp">
      <Filter>Source Files</Filter>
    </ClCompile>
    <ClCompile Include="qt-backend\StartProcess.cpp">
      <Filter>Source Files</Filter>
    </ClCompile>
    <ClCompile Include="core\Utf8.cpp">
      <Filter>Source Files</Filter>
    </ClCompile>
    <ClCompile Include="core\Utf32.cpp">
      <Filter>Source Files</Filter>
    </ClCompile>
    <ClCompile Include="qt-gui\VideoWidget.cpp">
      <Filter>Source Files</Filter>
    </ClCompile>
    <ClCompile Include="asmjit\src\asmjit\base\arch.cpp">
      <Filter>Source Files</Filter>
    </ClCompile>
    <ClCompile Include="asmjit\src\asmjit\base\assembler.cpp">
      <Filter>Source Files</Filter>
    </ClCompile>
    <ClCompile Include="qt-gui\beveleffect.cpp">
      <Filter>Source Files</Filter>
    </ClCompile>
    <ClCompile Include="asmjit\src\asmjit\base\codebuilder.cpp">
      <Filter>Source Files</Filter>
    </ClCompile>
    <ClCompile Include="asmjit\src\asmjit\base\codecompiler.cpp">
      <Filter>Source Files</Filter>
    </ClCompile>
    <ClCompile Include="asmjit\src\asmjit\base\codeemitter.cpp">
      <Filter>Source Files</Filter>
    </ClCompile>
    <ClCompile Include="asmjit\src\asmjit\base\codeholder.cpp">
      <Filter>Source Files</Filter>
    </ClCompile>
    <ClCompile Include="asmjit\src\asmjit\base\constpool.cpp">
      <Filter>Source Files</Filter>
    </ClCompile>
    <ClCompile Include="asmjit\src\asmjit\base\cpuinfo.cpp">
      <Filter>Source Files</Filter>
    </ClCompile>
    <ClCompile Include="debugger.cpp">
      <Filter>Source Files</Filter>
    </ClCompile>
    <ClCompile Include="qt-gui\flowclip.cpp">
      <Filter>Source Files</Filter>
    </ClCompile>
    <ClCompile Include="qt-gui\flowvideostream.cpp">
      <Filter>Source Files</Filter>
    </ClCompile>
    <ClCompile Include="asmjit\src\asmjit\base\func.cpp">
      <Filter>Source Files</Filter>
    </ClCompile>
    <ClCompile Include="asmjit\src\asmjit\base\globals.cpp">
      <Filter>Source Files</Filter>
    </ClCompile>
    <ClCompile Include="helloworld.cpp">
      <Filter>Source Files</Filter>
    </ClCompile>
    <ClCompile Include="asmjit\src\asmjit\base\logging.cpp">
      <Filter>Source Files</Filter>
    </ClCompile>
    <ClCompile Include="main.cpp">
      <Filter>Source Files</Filter>
    </ClCompile>
    <ClCompile Include="core\md5.cpp">
      <Filter>Source Files</Filter>
    </ClCompile>
    <ClCompile Include="asmjit\src\asmjit\base\operand.cpp">
      <Filter>Source Files</Filter>
    </ClCompile>
    <ClCompile Include="asmjit\src\asmjit\base\osutils.cpp">
      <Filter>Source Files</Filter>
    </ClCompile>
    <ClCompile Include="asmjit\src\asmjit\base\regalloc.cpp">
      <Filter>Source Files</Filter>
    </ClCompile>
    <ClCompile Include="asmjit\src\asmjit\base\runtime.cpp">
      <Filter>Source Files</Filter>
    </ClCompile>
    <ClCompile Include="qt-gui\soundsupport.cpp">
      <Filter>Source Files</Filter>
    </ClCompile>
    <ClCompile Include="asmjit\src\asmjit\base\string.cpp">
      <Filter>Source Files</Filter>
    </ClCompile>
    <ClCompile Include="swfloader.cpp">
      <Filter>Source Files</Filter>
    </ClCompile>
    <ClCompile Include="asmjit\src\asmjit\base\utils.cpp">
      <Filter>Source Files</Filter>
    </ClCompile>
    <ClCompile Include="asmjit\src\asmjit\base\vmem.cpp">
      <Filter>Source Files</Filter>
    </ClCompile>
    <ClCompile Include="core\win_mman.c">
      <Filter>Source Files</Filter>
    </ClCompile>
    <ClCompile Include="asmjit\src\asmjit\x86\x86assembler.cpp">
      <Filter>Source Files</Filter>
    </ClCompile>
    <ClCompile Include="asmjit\src\asmjit\x86\x86builder.cpp">
      <Filter>Source Files</Filter>
    </ClCompile>
    <ClCompile Include="asmjit\src\asmjit\x86\x86compiler.cpp">
      <Filter>Source Files</Filter>
    </ClCompile>
    <ClCompile Include="asmjit\src\asmjit\x86\x86inst.cpp">
      <Filter>Source Files</Filter>
    </ClCompile>
    <ClCompile Include="asmjit\src\asmjit\x86\x86internal.cpp">
      <Filter>Source Files</Filter>
    </ClCompile>
    <ClCompile Include="asmjit\src\asmjit\x86\x86logging.cpp">
      <Filter>Source Files</Filter>
    </ClCompile>
    <ClCompile Include="asmjit\src\asmjit\x86\x86operand.cpp">
      <Filter>Source Files</Filter>
    </ClCompile>
    <ClCompile Include="asmjit\src\asmjit\x86\x86operand_regs.cpp">
      <Filter>Source Files</Filter>
    </ClCompile>
    <ClCompile Include="asmjit\src\asmjit\x86\x86regalloc.cpp">
      <Filter>Source Files</Filter>
    </ClCompile>
    <ClCompile Include="asmjit\src\asmjit\x86\x86ssetoavxpass.cpp">
      <Filter>Source Files</Filter>
    </ClCompile>
    <ClCompile Include="asmjit\src\asmjit\base\zone.cpp">
      <Filter>Source Files</Filter>
    </ClCompile>
    <ClCompile Include="asmjit\src\asmjit\base\zonecontainers.cpp">
      <Filter>Source Files</Filter>
    </ClCompile>
    <ClCompile Include="asmjit\src\asmjit\base\zoneheap.cpp">
      <Filter>Source Files</Filter>
    </ClCompile>
    <ClCompile Include="Debug\moc_ByteCodeRunner.cpp">
      <Filter>Generated Files\Debug</Filter>
    </ClCompile>
    <ClCompile Include="Release\moc_ByteCodeRunner.cpp">
      <Filter>Generated Files\Release</Filter>
    </ClCompile>
    <ClCompile Include="Debug\moc_CgiSupport.cpp">
      <Filter>Generated Files\Debug</Filter>
    </ClCompile>
    <ClCompile Include="Release\moc_CgiSupport.cpp">
      <Filter>Generated Files\Release</Filter>
    </ClCompile>
    <ClCompile Include="Debug\moc_DatabaseSupport.cpp">
      <Filter>Generated Files\Debug</Filter>
    </ClCompile>
    <ClCompile Include="Release\moc_DatabaseSupport.cpp">
      <Filter>Generated Files\Release</Filter>
    </ClCompile>
    <ClCompile Include="Debug\moc_FlowClipScene.cpp">
      <Filter>Generated Files\Debug</Filter>
    </ClCompile>
    <ClCompile Include="Release\moc_FlowClipScene.cpp">
      <Filter>Generated Files\Release</Filter>
    </ClCompile>
    <ClCompile Include="Debug\moc_FlowClipTreeModel.cpp">
      <Filter>Generated Files\Debug</Filter>
    </ClCompile>
    <ClCompile Include="Release\moc_FlowClipTreeModel.cpp">
      <Filter>Generated Files\Release</Filter>
    </ClCompile>
    <ClCompile Include="Debug\moc_HttpSupport.cpp">
      <Filter>Generated Files\Debug</Filter>
    </ClCompile>
    <ClCompile Include="Release\moc_HttpSupport.cpp">
      <Filter>Generated Files\Release</Filter>
    </ClCompile>
    <ClCompile Include="Debug\moc_NotificationsSupport.cpp">
      <Filter>Generated Files\Debug</Filter>
    </ClCompile>
    <ClCompile Include="Release\moc_NotificationsSupport.cpp">
      <Filter>Generated Files\Release</Filter>
    </ClCompile>
    <ClCompile Include="Debug\moc_QGLClipTreeBrowser.cpp">
      <Filter>Generated Files\Debug</Filter>
    </ClCompile>
    <ClCompile Include="Release\moc_QGLClipTreeBrowser.cpp">
      <Filter>Generated Files\Release</Filter>
    </ClCompile>
    <ClCompile Include="Debug\moc_QGLClipTreeModel.cpp">
      <Filter>Generated Files\Debug</Filter>
    </ClCompile>
    <ClCompile Include="Release\moc_QGLClipTreeModel.cpp">
      <Filter>Generated Files\Release</Filter>
    </ClCompile>
    <ClCompile Include="Debug\moc_QGLLineEdit.cpp">
      <Filter>Generated Files\Debug</Filter>
    </ClCompile>
    <ClCompile Include="Release\moc_QGLLineEdit.cpp">
      <Filter>Generated Files\Release</Filter>
    </ClCompile>
    <ClCompile Include="Debug\moc_QGLRenderSupport.cpp">
      <Filter>Generated Files\Debug</Filter>
    </ClCompile>
    <ClCompile Include="Release\moc_QGLRenderSupport.cpp">
      <Filter>Generated Files\Release</Filter>
    </ClCompile>
    <ClCompile Include="Debug\moc_QGLTextEdit.cpp">
      <Filter>Generated Files\Debug</Filter>
    </ClCompile>
    <ClCompile Include="Release\moc_QGLTextEdit.cpp">
      <Filter>Generated Files\Release</Filter>
    </ClCompile>
    <ClCompile Include="Debug\moc_QGLWebPage.cpp">
      <Filter>Generated Files\Debug</Filter>
    </ClCompile>
    <ClCompile Include="Release\moc_QGLWebPage.cpp">
      <Filter>Generated Files\Release</Filter>
    </ClCompile>
    <ClCompile Include="Debug\moc_QGraphicsItemWrapper.cpp">
      <Filter>Generated Files\Debug</Filter>
    </ClCompile>
    <ClCompile Include="Release\moc_QGraphicsItemWrapper.cpp">
      <Filter>Generated Files\Release</Filter>
    </ClCompile>
    <ClCompile Include="Debug\moc_QtGeolocationSupport.cpp">
      <Filter>Generated Files\Debug</Filter>
    </ClCompile>
    <ClCompile Include="Release\moc_QtGeolocationSupport.cpp">
      <Filter>Generated Files\Release</Filter>
    </ClCompile>
    <ClCompile Include="Debug\moc_QtTimerSupport.cpp">
      <Filter>Generated Files\Debug</Filter>
    </ClCompile>
    <ClCompile Include="Release\moc_QtTimerSupport.cpp">
      <Filter>Generated Files\Release</Filter>
    </ClCompile>
    <ClCompile Include="Debug\moc_StartProcess.cpp">
      <Filter>Generated Files\Debug</Filter>
    </ClCompile>
    <ClCompile Include="Release\moc_StartProcess.cpp">
      <Filter>Generated Files\Release</Filter>
    </ClCompile>
    <ClCompile Include="Debug\moc_VideoWidget.cpp">
      <Filter>Generated Files\Debug</Filter>
    </ClCompile>
    <ClCompile Include="Release\moc_VideoWidget.cpp">
      <Filter>Generated Files\Release</Filter>
    </ClCompile>
    <ClCompile Include="Debug\moc_beveleffect.cpp">
      <Filter>Generated Files\Debug</Filter>
    </ClCompile>
    <ClCompile Include="Release\moc_beveleffect.cpp">
      <Filter>Generated Files\Release</Filter>
    </ClCompile>
    <ClCompile Include="Debug\moc_debugger.cpp">
      <Filter>Generated Files\Debug</Filter>
    </ClCompile>
    <ClCompile Include="Release\moc_debugger.cpp">
      <Filter>Generated Files\Release</Filter>
    </ClCompile>
    <ClCompile Include="Debug\moc_flowvideostream.cpp">
      <Filter>Generated Files\Debug</Filter>
    </ClCompile>
    <ClCompile Include="Release\moc_flowvideostream.cpp">
      <Filter>Generated Files\Release</Filter>
    </ClCompile>
    <ClCompile Include="Debug\moc_soundsupport.cpp">
      <Filter>Generated Files\Debug</Filter>
    </ClCompile>
    <ClCompile Include="Release\moc_soundsupport.cpp">
      <Filter>Generated Files\Release</Filter>
    </ClCompile>
    <ClCompile Include="GeneratedFiles\qrc_QtByteRunnerRes.cpp">
      <Filter>Generated Files</Filter>
    </ClCompile>
  </ItemGroup>
  <ItemGroup>
    <ClInclude Include="utils\AbstractGeolocationSupport.h">
      <Filter>Header Files</Filter>
    </ClInclude>
    <ClInclude Include="utils\AbstractHttpSupport.h">
      <Filter>Header Files</Filter>
    </ClInclude>
    <ClInclude Include="utils\AbstractNotificationsSupport.h">
      <Filter>Header Files</Filter>
    </ClInclude>
    <ClInclude Include="utils\AbstractSoundSupport.h">
      <Filter>Header Files</Filter>
    </ClInclude>
    <CustomBuild Include="core\ByteCodeRunner.h">
      <Filter>Header Files</Filter>
    </CustomBuild>
    <ClInclude Include="core\ByteMemory.h">
      <Filter>Header Files</Filter>
    </ClInclude>
    <CustomBuild Include="qt-backend\CgiSupport.h">
      <Filter>Header Files</Filter>
    </CustomBuild>
    <ClInclude Include="core\CodeMemory.h">
      <Filter>Header Files</Filter>
    </ClInclude>
    <ClInclude Include="core\CommonTypes.h">
      <Filter>Header Files</Filter>
    </ClInclude>
    <CustomBuild Include="qt-backend\DatabaseSupport.h">
      <Filter>Header Files</Filter>
    </CustomBuild>
    <ClInclude Include="utils\FileLocalStore.h">
      <Filter>Header Files</Filter>
    </ClInclude>
    <ClInclude Include="utils\FileSystemInterface.h">
      <Filter>Header Files</Filter>
    </ClInclude>
    <CustomBuild Include="qt-gui\FlowClipScene.h">
      <Filter>Header Files</Filter>
    </CustomBuild>
    <CustomBuild Include="qt-gui\FlowClipTreeModel.h">
      <Filter>Header Files</Filter>
    </CustomBuild>
    <ClInclude Include="gl-gui\GLCamera.h">
      <Filter>Header Files</Filter>
    </ClInclude>
    <ClInclude Include="gl-gui\GLClip.h">
      <Filter>Header Files</Filter>
    </ClInclude>
    <ClInclude Include="gl-gui\GLFilter.h">
      <Filter>Header Files</Filter>
    </ClInclude>
    <ClInclude Include="gl-gui\GLFont.h">
      <Filter>Header Files</Filter>
    </ClInclude>
    <ClInclude Include="gl-gui\GLGraphics.h">
      <Filter>Header Files</Filter>
    </ClInclude>
    <ClInclude Include="gl-gui\GLPictureClip.h">
      <Filter>Header Files</Filter>
    </ClInclude>
    <ClInclude Include="gl-gui\GLRenderSupport.h">
      <Filter>Header Files</Filter>
    </ClInclude>
    <ClInclude Include="gl-gui\GLRenderer.h">
      <Filter>Header Files</Filter>
    </ClInclude>
    <ClInclude Include="gl-gui\GLSchedule.h">
      <Filter>Header Files</Filter>
    </ClInclude>
    <ClInclude Include="gl-gui\GLTextClip.h">
      <Filter>Header Files</Filter>
    </ClInclude>
    <ClInclude Include="gl-gui\GLUtils.h">
      <Filter>Header Files</Filter>
    </ClInclude>
    <ClInclude Include="gl-gui\GLVideoClip.h">
      <Filter>Header Files</Filter>
    </ClInclude>
    <ClInclude Include="gl-gui\GLWebClip.h">
      <Filter>Header Files</Filter>
    </ClInclude>
    <ClInclude Include="core\GarbageCollector.h">
      <Filter>Header Files</Filter>
    </ClInclude>
    <ClInclude Include="qt-gui\GradientMatrix.h">
      <Filter>Header Files</Filter>
    </ClInclude>
    <ClInclude Include="font\Headers.h">
      <Filter>Header Files</Filter>
    </ClInclude>
    <ClInclude Include="core\HeapWalker.h">
      <Filter>Header Files</Filter>
    </ClInclude>
    <CustomBuild Include="qt-backend\HttpSupport.h">
      <Filter>Header Files</Filter>
    </CustomBuild>
    <ClInclude Include="gl-gui\ImageLoader.h">
      <Filter>Header Files</Filter>
    </ClInclude>
    <ClInclude Include="core\JitProgram.h">
      <Filter>Header Files</Filter>
    </ClInclude>
    <ClInclude Include="core\MemoryArea.h">
      <Filter>Header Files</Filter>
    </ClInclude>
    <ClInclude Include="core\NativeProgram.h">
      <Filter>Header Files</Filter>
    </ClInclude>
    <CustomBuild Include="qt-backend\NotificationsSupport.h">
      <Filter>Header Files</Filter>
    </CustomBuild>
    <CustomBuild Include="gl-gui\QGLClipTreeBrowser.h">
      <Filter>Header Files</Filter>
    </CustomBuild>
    <CustomBuild Include="gl-gui\QGLClipTreeModel.h">
      <Filter>Header Files</Filter>
    </CustomBuild>
    <CustomBuild Include="qt-backend\QGLLineEdit.h">
      <Filter>Header Files</Filter>
    </CustomBuild>
    <CustomBuild Include="gl-gui\QGLRenderSupport.h">
      <Filter>Header Files</Filter>
    </CustomBuild>
    <CustomBuild Include="qt-backend\QGLTextEdit.h">
      <Filter>Header Files</Filter>
    </CustomBuild>
    <CustomBuild Include="gl-gui\QGLWebPage.h">
      <Filter>Header Files</Filter>
    </CustomBuild>
    <CustomBuild Include="qt-gui\QGraphicsItemWrapper.h">
      <Filter>Header Files</Filter>
    </CustomBuild>
    <CustomBuild Include="qt-backend\QtGeolocationSupport.h">
      <Filter>Header Files</Filter>
    </CustomBuild>
    <CustomBuild Include="qt-backend\QtTimerSupport.h">
      <Filter>Header Files</Filter>
    </CustomBuild>
    <ClInclude Include="core\RunnerMacros.h">
      <Filter>Header Files</Filter>
    </ClInclude>
    <ClInclude Include="core\STLHelpers.h">
      <Filter>Header Files</Filter>
    </ClInclude>
    <CustomBuild Include="qt-backend\StartProcess.h">
      <Filter>Header Files</Filter>
    </CustomBuild>
    <CustomBuild Include="qt-gui\VideoWidget.h">
      <Filter>Header Files</Filter>
    </CustomBuild>
    <ClInclude Include="asmjit\src\asmjit\base\arch.h">
      <Filter>Header Files</Filter>
    </ClInclude>
    <ClInclude Include="asmjit\src\asmjit\arm.h">
      <Filter>Header Files</Filter>
    </ClInclude>
    <ClInclude Include="asmjit\src\asmjit\asmjit.h">
      <Filter>Header Files</Filter>
    </ClInclude>
    <ClInclude Include="asmjit\src\asmjit\asmjit_apibegin.h">
      <Filter>Header Files</Filter>
    </ClInclude>
    <ClInclude Include="asmjit\src\asmjit\asmjit_apiend.h">
      <Filter>Header Files</Filter>
    </ClInclude>
    <ClInclude Include="asmjit\src\asmjit\asmjit_build.h">
      <Filter>Header Files</Filter>
    </ClInclude>
    <ClInclude Include="asmjit\src\asmjit\base\assembler.h">
      <Filter>Header Files</Filter>
    </ClInclude>
    <ClInclude Include="asmjit\src\asmjit\base.h">
      <Filter>Header Files</Filter>
    </ClInclude>
    <CustomBuild Include="qt-gui\beveleffect.h">
      <Filter>Header Files</Filter>
    </CustomBuild>
    <ClInclude Include="gl-gui\shaders\code.inc">
      <Filter>Header Files</Filter>
    </ClInclude>
    <ClInclude Include="asmjit\src\asmjit\base\codebuilder.h">
      <Filter>Header Files</Filter>
    </ClInclude>
    <ClInclude Include="asmjit\src\asmjit\base\codecompiler.h">
      <Filter>Header Files</Filter>
    </ClInclude>
    <ClInclude Include="asmjit\src\asmjit\base\codeemitter.h">
      <Filter>Header Files</Filter>
    </ClInclude>
    <ClInclude Include="asmjit\src\asmjit\base\codeholder.h">
      <Filter>Header Files</Filter>
    </ClInclude>
    <ClInclude Include="asmjit\src\asmjit\base\constpool.h">
      <Filter>Header Files</Filter>
    </ClInclude>
    <ClInclude Include="asmjit\src\asmjit\base\cpuinfo.h">
      <Filter>Header Files</Filter>
    </ClInclude>
    <CustomBuild Include="debugger.h">
      <Filter>Header Files</Filter>
    </CustomBuild>
    <ClInclude Include="qt-gui\flowclip.h">
      <Filter>Header Files</Filter>
    </ClInclude>
    <CustomBuild Include="qt-gui\flowvideostream.h">
      <Filter>Header Files</Filter>
    </CustomBuild>
    <ClInclude Include="asmjit\src\asmjit\base\func.h">
      <Filter>Header Files</Filter>
    </ClInclude>
    <ClInclude Include="asmjit\src\asmjit\base\globals.h">
      <Filter>Header Files</Filter>
    </ClInclude>
    <ClInclude Include="asmjit\src\asmjit\base\logging.h">
      <Filter>Header Files</Filter>
    </ClInclude>
    <ClInclude Include="core\md5.h">
      <Filter>Header Files</Filter>
    </ClInclude>
    <ClInclude Include="core\nativefunction.h">
      <Filter>Header Files</Filter>
    </ClInclude>
    <ClInclude Include="core\opcodes.h">
      <Filter>Header Files</Filter>
    </ClInclude>
    <ClInclude Include="asmjit\src\asmjit\base\operand.h">
      <Filter>Header Files</Filter>
    </ClInclude>
    <ClInclude Include="asmjit\src\asmjit\base\osutils.h">
      <Filter>Header Files</Filter>
    </ClInclude>
    <CustomBuild Include="pcheader.h">
      <Filter>Header Files</Filter>
    </CustomBuild>
    <ClInclude Include="asmjit\src\asmjit\base\regalloc_p.h">
      <Filter>Header Files</Filter>
    </ClInclude>
    <ClInclude Include="asmjit\src\asmjit\base\runtime.h">
      <Filter>Header Files</Filter>
    </ClInclude>
    <ClInclude Include="asmjit\src\asmjit\base\simdtypes.h">
      <Filter>Header Files</Filter>
    </ClInclude>
    <CustomBuild Include="qt-gui\soundsupport.h">
      <Filter>Header Files</Filter>
    </CustomBuild>
    <ClInclude Include="asmjit\src\asmjit\base\string.h">
      <Filter>Header Files</Filter>
    </ClInclude>
    <ClInclude Include="swfloader.h">
      <Filter>Header Files</Filter>
    </ClInclude>
    <ClInclude Include="asmjit\src\asmjit\base\utils.h">
      <Filter>Header Files</Filter>
    </ClInclude>
    <ClInclude Include="asmjit\src\asmjit\base\vmem.h">
      <Filter>Header Files</Filter>
    </ClInclude>
    <ClInclude Include="core\win_mman.h">
      <Filter>Header Files</Filter>
    </ClInclude>
    <ClInclude Include="asmjit\src\asmjit\x86.h">
      <Filter>Header Files</Filter>
    </ClInclude>
    <ClInclude Include="asmjit\src\asmjit\x86\x86assembler.h">
      <Filter>Header Files</Filter>
    </ClInclude>
    <ClInclude Include="asmjit\src\asmjit\x86\x86builder.h">
      <Filter>Header Files</Filter>
    </ClInclude>
    <ClInclude Include="asmjit\src\asmjit\x86\x86compiler.h">
      <Filter>Header Files</Filter>
    </ClInclude>
    <ClInclude Include="asmjit\src\asmjit\x86\x86emitter.h">
      <Filter>Header Files</Filter>
    </ClInclude>
    <ClInclude Include="asmjit\src\asmjit\x86\x86inst.h">
      <Filter>Header Files</Filter>
    </ClInclude>
    <ClInclude Include="asmjit\src\asmjit\x86\x86internal_p.h">
      <Filter>Header Files</Filter>
    </ClInclude>
    <ClInclude Include="asmjit\src\asmjit\x86\x86logging.h">
      <Filter>Header Files</Filter>
    </ClInclude>
    <ClInclude Include="asmjit\src\asmjit\x86\x86misc.h">
      <Filter>Header Files</Filter>
    </ClInclude>
    <ClInclude Include="asmjit\src\asmjit\x86\x86operand.h">
      <Filter>Header Files</Filter>
    </ClInclude>
    <ClInclude Include="asmjit\src\asmjit\x86\x86regalloc_p.h">
      <Filter>Header Files</Filter>
    </ClInclude>
    <ClInclude Include="asmjit\src\asmjit\x86\x86ssetoavxpass_p.h">
      <Filter>Header Files</Filter>
    </ClInclude>
    <ClInclude Include="asmjit\src\asmjit\base\zone.h">
      <Filter>Header Files</Filter>
    </ClInclude>
    <ClInclude Include="asmjit\src\asmjit\base\zonecontainers.h">
      <Filter>Header Files</Filter>
    </ClInclude>
    <ClInclude Include="asmjit\src\asmjit\base\zoneheap.h">
      <Filter>Header Files</Filter>
    </ClInclude>
  </ItemGroup>
  <ItemGroup>
    <ClCompile Include="pcheader.h.cpp">
      <Filter>Generated Files</Filter>
    </ClCompile>
  </ItemGroup>
  <ItemGroup>
    <CustomBuild Include="QtByteRunnerRes.qrc">
      <Filter>Resource Files</Filter>
    </CustomBuild>
    <None Include="images\app_icon.png">
      <Filter>Resource Files</Filter>
    </None>
  </ItemGroup>
</Project>