PODS:
  - Capacitor (4.7.3):
    - CapacitorCordova
  - CapacitorCordova (4.7.3)

DEPENDENCIES:
  - "Capacitor (from `../../node_modules/@capacitor/ios`)"
  - "CapacitorCordova (from `../../node_modules/@capacitor/ios`)"

EXTERNAL SOURCES:
  Capacitor:
    :path: "../../node_modules/@capacitor/ios"
  CapacitorCordova:
    :path: "../../node_modules/@capacitor/ios"

SPEC CHECKSUMS:
  Capacitor: 736ef58c1aff08d3142fe3be9c7d928e47ee461d
  CapacitorCordova: e8ed29bd616c9f5a81498d47c0b84179b9c6a5a6

PODFILE CHECKSUM: 8ab55909c5de2b217f9841e5e5b329f5ec901553

COCOAPODS: 1.10.0
